
Microsoft Visual Studio Solution File, Format Version 12.00
# Visual Studio 15
VisualStudioVersion = 15.0.28010.2046
MinimumVisualStudioVersion = 10.0.40219.1
Project("{FAE04EC0-301F-11D3-BF4B-00C04F79EFBC}") = "CQShop.Service", "CQShop.Service\CQShop.Service.csproj", "{D8424E15-666D-4838-9E98-8A6C2260EB38}"
EndProject
Global
	GlobalSection(SolutionConfigurationPlatforms) = preSolution
		Debug|Any CPU = Debug|Any CPU
		Release|Any CPU = Release|Any CPU
	EndGlobalSection
	GlobalSection(ProjectConfigurationPlatforms) = postSolution
		{D8424E15-666D-4838-9E98-8A6C2260EB38}.Debug|Any CPU.ActiveCfg = Debug|Any CPU
		{D8424E15-666D-4838-9E98-8A6C2260EB38}.Debug|Any CPU.Build.0 = Debug|Any CPU
		{D8424E15-666D-4838-9E98-8A6C2260EB38}.Release|Any CPU.ActiveCfg = Release|Any CPU
		{D8424E15-666D-4838-9E98-8A6C2260EB38}.Release|Any CPU.Build.0 = Release|Any CPU
	EndGlobalSection
	GlobalSection(SolutionProperties) = preSolution
		HideSolutionNode = FALSE
	EndGlobalSection
	GlobalSection(ExtensibilityGlobals) = postSolution
		SolutionGuid = {5B6DAFC7-BE43-458E-8E25-7DE7CD3178F8}
	EndGlobalSection
EndGlobal
