
Microsoft Visual Studio Solution File, Format Version 12.00
# Visual Studio 15
VisualStudioVersion = 15.0.28010.2046
MinimumVisualStudioVersion = 10.0.40219.1
Project("{FAE04EC0-301F-11D3-BF4B-00C04F79EFBC}") = "CQShop.Service", "CQShop.Service\CQShop.Service.csproj", "{D8424E15-666D-4838-9E98-8A6C2260EB38}"
EndProject
Project("{FAE04EC0-301F-11D3-BF4B-00C04F79EFBC}") = "CQShop.Common", "CQShop.Common\CQShop.Common.csproj", "{16FE142C-9B9A-46AF-AB23-D765AB8AEFAA}"
EndProject
Project("{FAE04EC0-301F-11D3-BF4B-00C04F79EFBC}") = "CQShop.Model", "CQShop.Model\CQShop.Model.csproj", "{929FA7C4-2682-4B86-9A59-C24158C0F462}"
EndProject
Project("{FAE04EC0-301F-11D3-BF4B-00C04F79EFBC}") = "CQShop.Data", "CQShop.Data\CQShop.Data.csproj", "{C2A37A03-30EA-47D9-9D14-36EE5E8824EF}"
EndProject
Project("{FAE04EC0-301F-11D3-BF4B-00C04F79EFBC}") = "CQShop.UnitTest", "CQShop.UnitTest\CQShop.UnitTest.csproj", "{1829047F-6B55-4034-8B6C-25180B7C65B2}"
EndProject
Project("{FAE04EC0-301F-11D3-BF4B-00C04F79EFBC}") = "CQShop.Web", "CQShop.Web\CQShop.Web.csproj", "{3D1AE6A4-2E69-4BC0-A8EE-942417CE20A7}"
EndProject
Global
	GlobalSection(SolutionConfigurationPlatforms) = preSolution
		Debug|Any CPU = Debug|Any CPU
		Release|Any CPU = Release|Any CPU
	EndGlobalSection
	GlobalSection(ProjectConfigurationPlatforms) = postSolution
		{D8424E15-666D-4838-9E98-8A6C2260EB38}.Debug|Any CPU.ActiveCfg = Debug|Any CPU
		{D8424E15-666D-4838-9E98-8A6C2260EB38}.Debug|Any CPU.Build.0 = Debug|Any CPU
		{D8424E15-666D-4838-9E98-8A6C2260EB38}.Release|Any CPU.ActiveCfg = Release|Any CPU
		{D8424E15-666D-4838-9E98-8A6C2260EB38}.Release|Any CPU.Build.0 = Release|Any CPU
		{16FE142C-9B9A-46AF-AB23-D765AB8AEFAA}.Debug|Any CPU.ActiveCfg = Debug|Any CPU
		{16FE142C-9B9A-46AF-AB23-D765AB8AEFAA}.Debug|Any CPU.Build.0 = Debug|Any CPU
		{16FE142C-9B9A-46AF-AB23-D765AB8AEFAA}.Release|Any CPU.ActiveCfg = Release|Any CPU
		{16FE142C-9B9A-46AF-AB23-D765AB8AEFAA}.Release|Any CPU.Build.0 = Release|Any CPU
		{929FA7C4-2682-4B86-9A59-C24158C0F462}.Debug|Any CPU.ActiveCfg = Debug|Any CPU
		{929FA7C4-2682-4B86-9A59-C24158C0F462}.Debug|Any CPU.Build.0 = Debug|Any CPU
		{929FA7C4-2682-4B86-9A59-C24158C0F462}.Release|Any CPU.ActiveCfg = Release|Any CPU
		{929FA7C4-2682-4B86-9A59-C24158C0F462}.Release|Any CPU.Build.0 = Release|Any CPU
		{C2A37A03-30EA-47D9-9D14-36EE5E8824EF}.Debug|Any CPU.ActiveCfg = Debug|Any CPU
		{C2A37A03-30EA-47D9-9D14-36EE5E8824EF}.Debug|Any CPU.Build.0 = Debug|Any CPU
		{C2A37A03-30EA-47D9-9D14-36EE5E8824EF}.Release|Any CPU.ActiveCfg = Release|Any CPU
		{C2A37A03-30EA-47D9-9D14-36EE5E8824EF}.Release|Any CPU.Build.0 = Release|Any CPU
		{1829047F-6B55-4034-8B6C-25180B7C65B2}.Debug|Any CPU.ActiveCfg = Debug|Any CPU
		{1829047F-6B55-4034-8B6C-25180B7C65B2}.Debug|Any CPU.Build.0 = Debug|Any CPU
		{1829047F-6B55-4034-8B6C-25180B7C65B2}.Release|Any CPU.ActiveCfg = Release|Any CPU
		{1829047F-6B55-4034-8B6C-25180B7C65B2}.Release|Any CPU.Build.0 = Release|Any CPU
		{3D1AE6A4-2E69-4BC0-A8EE-942417CE20A7}.Debug|Any CPU.ActiveCfg = Debug|Any CPU
		{3D1AE6A4-2E69-4BC0-A8EE-942417CE20A7}.Debug|Any CPU.Build.0 = Debug|Any CPU
		{3D1AE6A4-2E69-4BC0-A8EE-942417CE20A7}.Release|Any CPU.ActiveCfg = Release|Any CPU
		{3D1AE6A4-2E69-4BC0-A8EE-942417CE20A7}.Release|Any CPU.Build.0 = Release|Any CPU
	EndGlobalSection
	GlobalSection(SolutionProperties) = preSolution
		HideSolutionNode = FALSE
	EndGlobalSection
	GlobalSection(ExtensibilityGlobals) = postSolution
		SolutionGuid = {5B6DAFC7-BE43-458E-8E25-7DE7CD3178F8}
	EndGlobalSection
EndGlobal
